# This file is automatically @generated by Poetry 1.6.1 and should not be changed by hand.

[[package]]
name = "argsdict"
version = "1.0.0"
description = "Simple command-line argument parser."
optional = false
python-versions = "*"
files = [
    {file = "argsdict-1.0.0.tar.gz", hash = "sha256:38b437e7f2ff0bcf2935f5039d0cfd12cc0090928c4541159dafaff4c00c83e9"},
]

[[package]]
name = "string-grab"
version = "1.3.0"
description = "Extract one or multiple substrings between two start and end strings."
optional = false
python-versions = "*"
files = [
    {file = "string_grab-1.3.0.tar.gz", hash = "sha256:67ad57c44ed0fcf15338e10e13f8de519f4169e60d3534fafe8c6d3bb2154fa0"},
]

[metadata]
lock-version = "2.0"
python-versions = ">=3.8,<=4.0"
content-hash = "e9fde510b568faf5aaeb9727b62bbe70b09ee5dfffa491232cc2002510691a49"
