# This file is automatically @generated by Poetry 1.6.1 and should not be changed by hand.

[[package]]
name = "importlib-metadata"
version = "6.8.0"
description = "Read metadata from Python packages"
optional = false
python-versions = ">=3.8"
files = [
    {file = "importlib_metadata-6.8.0-py3-none-any.whl", hash = "sha256:3ebb78df84a805d7698245025b975d9d67053cd94c79245ba4b3eb694abe68bb"},
    {file = "importlib_metadata-6.8.0.tar.gz", hash = "sha256:dbace7892d8c0c4ac1ad096662232f831d4e64f4c4545bd53016a3e9d4654743"},
]

[package.dependencies]
zipp = ">=0.5"

[package.extras]
docs = ["furo", "jaraco.packaging (>=9)", "jaraco.tidelift (>=1.4)", "rst.linker (>=1.9)", "sphinx (>=3.5)", "sphinx-lint"]
perf = ["ipython"]
testing = ["flufl.flake8", "importlib-resources (>=1.3)", "packaging", "pyfakefs", "pytest (>=6)", "pytest-black (>=0.3.7)", "pytest-checkdocs (>=2.4)", "pytest-cov", "pytest-enabler (>=2.2)", "pytest-mypy (>=0.9.1)", "pytest-perf (>=0.9.2)", "pytest-ruff"]

[[package]]
name = "markdown"
version = "3.5"
description = "Python implementation of John Gruber's Markdown."
optional = false
python-versions = ">=3.8"
files = [
    {file = "Markdown-3.5-py3-none-any.whl", hash = "sha256:4afb124395ce5fc34e6d9886dab977fd9ae987fc6e85689f08278cf0c69d4bf3"},
    {file = "Markdown-3.5.tar.gz", hash = "sha256:a807eb2e4778d9156c8f07876c6e4d50b5494c5665c4834f67b06459dfd877b3"},
]

[package.dependencies]
importlib-metadata = {version = ">=4.4", markers = "python_version < \"3.10\""}

[package.extras]
docs = ["mdx-gh-links (>=0.2)", "mkdocs (>=1.5)", "mkdocs-gen-files", "mkdocs-literate-nav", "mkdocs-nature (>=0.6)", "mkdocs-section-index", "mkdocstrings[python]"]
testing = ["coverage", "pyyaml"]

[[package]]
name = "pymupdf"
version = "1.23.5"
description = "A high performance Python library for data extraction, analysis, conversion & manipulation of PDF (and other) documents."
optional = false
python-versions = ">=3.8"
files = [
    {file = "PyMuPDF-1.23.5-cp310-none-macosx_10_9_x86_64.whl", hash = "sha256:c71b5e80a08272b9f3012314dc47ee2423270b30262d07ec7dd9709ae2bde1ac"},
    {file = "PyMuPDF-1.23.5-cp310-none-macosx_11_0_arm64.whl", hash = "sha256:4b1bd9a91dee18bc95d7af2c593a214857a03e4fcd9a1eb01588df432de24c58"},
    {file = "PyMuPDF-1.23.5-cp310-none-manylinux2014_aarch64.whl", hash = "sha256:eafa1bce0860320ddbb7edb4ab5678e02051db5450251ba8e918713d9a70c03c"},
    {file = "PyMuPDF-1.23.5-cp310-none-manylinux2014_x86_64.whl", hash = "sha256:29e1d82b16f7580280ae35a0ae78de55f15c92ec87b7f3a1372f40f37a053bf3"},
    {file = "PyMuPDF-1.23.5-cp310-none-win32.whl", hash = "sha256:d3bef175707693a2f53fe0fe4e546e3187c7876aedabfe43d9a916060bac9073"},
    {file = "PyMuPDF-1.23.5-cp310-none-win_amd64.whl", hash = "sha256:da1b08b5348152f2940fa183d0265a6b6eb6f0292fae44b576eaf8e53723e336"},
    {file = "PyMuPDF-1.23.5-cp311-none-macosx_10_9_x86_64.whl", hash = "sha256:59755a600c25a282589b548ffa045aed59c2df7b76943978cabb1825f0c03ec4"},
    {file = "PyMuPDF-1.23.5-cp311-none-macosx_11_0_arm64.whl", hash = "sha256:264d5f6478d787c336520cf1a99e39bb6a0ef6d984550f925095c0e692dea7b5"},
    {file = "PyMuPDF-1.23.5-cp311-none-manylinux2014_aarch64.whl", hash = "sha256:3f5fc705e8790217d23ab5e7ac2c05d82e050f6271b710300288adfe87a71072"},
    {file = "PyMuPDF-1.23.5-cp311-none-manylinux2014_x86_64.whl", hash = "sha256:ee9e9ce1897eeac0fc33cf99084067c14250312a5dbc1372012c3d2f0e7a4af5"},
    {file = "PyMuPDF-1.23.5-cp311-none-win32.whl", hash = "sha256:d2e9cfa46193fab196c27cb07561e1bb0938450984c2f01b3739f254a31b639e"},
    {file = "PyMuPDF-1.23.5-cp311-none-win_amd64.whl", hash = "sha256:31405311c28fc8b3b2975a98b60bac388563748beaacb6da470f917678417e2d"},
    {file = "PyMuPDF-1.23.5-cp312-none-macosx_10_9_x86_64.whl", hash = "sha256:64ab1097e3a077ae9db6a98d01e2e77087894ebd85b702edf5eb85d05ab8c0f1"},
    {file = "PyMuPDF-1.23.5-cp312-none-macosx_11_0_arm64.whl", hash = "sha256:f7a8f91681b88ad216c36911e08ea25d2b3121350d52f4f8d76aeb0b7fcc6bef"},
    {file = "PyMuPDF-1.23.5-cp312-none-manylinux2014_aarch64.whl", hash = "sha256:bb345ef1120db4f78ec0f229514d333ea3e7d367875c1400423a9b3e2b48ffc0"},
    {file = "PyMuPDF-1.23.5-cp312-none-manylinux2014_x86_64.whl", hash = "sha256:9bde3683e254661e6b0032006f0ef7025ade2a33d3e3045499e71b76ea99942c"},
    {file = "PyMuPDF-1.23.5-cp312-none-win32.whl", hash = "sha256:3a01c93c69e74068c1618631a750677fd088708d2b09b3c23809b099fa4ffa39"},
    {file = "PyMuPDF-1.23.5-cp312-none-win_amd64.whl", hash = "sha256:693979ad4c8885729ac126b3202f1cb645f3392ad7e0964c2d924e61bc0e0a9d"},
    {file = "PyMuPDF-1.23.5-cp38-none-macosx_10_9_x86_64.whl", hash = "sha256:9586bc98a322e546cf2e477309806aa4a3e1d18efc9b93fc2e2b3d8131e1b9f7"},
    {file = "PyMuPDF-1.23.5-cp38-none-macosx_11_0_arm64.whl", hash = "sha256:faebdf8679706964f87617ee43b8d0107587d20b526892b538222146a4c32d43"},
    {file = "PyMuPDF-1.23.5-cp38-none-manylinux2014_aarch64.whl", hash = "sha256:3400b582be3d71f1c0974701fcfda32f0c2ebb75a78c2aea430552b0c6896546"},
    {file = "PyMuPDF-1.23.5-cp38-none-manylinux2014_x86_64.whl", hash = "sha256:fab599d23fa490725e5b5a70bfb6bc87acf5ceb70abe11ad2ef2b2f516961f31"},
    {file = "PyMuPDF-1.23.5-cp38-none-win32.whl", hash = "sha256:53278c6a3d0a5dc8f221e0a77c065a61fd0598f9d8d9ef5be53de0c0a7d2df90"},
    {file = "PyMuPDF-1.23.5-cp38-none-win_amd64.whl", hash = "sha256:dbce86df507f6bce118b12b33d893f1d3512013c898174211e903da78e1916aa"},
    {file = "PyMuPDF-1.23.5-cp39-none-macosx_10_9_x86_64.whl", hash = "sha256:b234805b615b2d45dcb1bfe5c2167dc4121e31d618ab557856a3153b94c1676b"},
    {file = "PyMuPDF-1.23.5-cp39-none-macosx_11_0_arm64.whl", hash = "sha256:4a53b2bf19be687160e4d18c27680e5326687aa39a7e31641d32a61edadbbfd9"},
    {file = "PyMuPDF-1.23.5-cp39-none-manylinux2014_aarch64.whl", hash = "sha256:705a7aed0a917c35bb5efa4d94a7e8092705b3395726f9770d2b888de775f437"},
    {file = "PyMuPDF-1.23.5-cp39-none-manylinux2014_x86_64.whl", hash = "sha256:332c1d5633c233458c4b65e6ad4a860391c507384bd2324a186b2702f8c64dfe"},
    {file = "PyMuPDF-1.23.5-cp39-none-win32.whl", hash = "sha256:435a108cf8b53302500b52adb2cccbf2afa51c94ab3c705b250245090b46f5da"},
    {file = "PyMuPDF-1.23.5-cp39-none-win_amd64.whl", hash = "sha256:460b47a1a17335d444ec441b68c083da5e51cdfcfa67a6638de69fe5e97f4ad2"},
    {file = "PyMuPDF-1.23.5.tar.gz", hash = "sha256:4508ee04c46cac8356a9d04f0d9a63f845770d2abb54caf512b44d22f0e80300"},
]

[package.dependencies]
PyMuPDFb = "1.23.5"

[[package]]
name = "pymupdfb"
version = "1.23.5"
description = "MuPDF shared libraries for PyMuPDF."
optional = false
python-versions = ">=3.8"
files = [
    {file = "PyMuPDFb-1.23.5-py3-none-macosx_10_9_x86_64.whl", hash = "sha256:d0095f28b2bcd64ed8a9636dfba193108eeb6c24d0ec71fa3f88cb15aee67a30"},
    {file = "PyMuPDFb-1.23.5-py3-none-macosx_11_0_arm64.whl", hash = "sha256:80137c37a4b0d5abeb988434c7d7eb3f9087afdd0754f4bf2f8840a788e691ae"},
    {file = "PyMuPDFb-1.23.5-py3-none-manylinux2014_aarch64.manylinux_2_17_aarch64.whl", hash = "sha256:e26705e1a4ea42926b70c5655f2509d555a4774d1d1382ecc7e76466695209e6"},
    {file = "PyMuPDFb-1.23.5-py3-none-manylinux2014_x86_64.manylinux_2_17_x86_64.whl", hash = "sha256:2b71b5b7987f2ebe9f6893544151ede2de74ec30651eef584039eb5f9c7c02aa"},
    {file = "PyMuPDFb-1.23.5-py3-none-win32.whl", hash = "sha256:f269814bafdffd5558d44af3de63eaa531d498de640a79cf6c7072011fd4088f"},
    {file = "PyMuPDFb-1.23.5-py3-none-win_amd64.whl", hash = "sha256:85cbc308085a4ec794e0da790965985cc5ccb21b2abc09732e072f6eaf10150b"},
]

[[package]]
name = "watchdog"
version = "3.0.0"
description = "Filesystem events monitoring"
optional = false
python-versions = ">=3.7"
files = [
    {file = "watchdog-3.0.0-cp310-cp310-macosx_10_9_universal2.whl", hash = "sha256:336adfc6f5cc4e037d52db31194f7581ff744b67382eb6021c868322e32eef41"},
    {file = "watchdog-3.0.0-cp310-cp310-macosx_10_9_x86_64.whl", hash = "sha256:a70a8dcde91be523c35b2bf96196edc5730edb347e374c7de7cd20c43ed95397"},
    {file = "watchdog-3.0.0-cp310-cp310-macosx_11_0_arm64.whl", hash = "sha256:adfdeab2da79ea2f76f87eb42a3ab1966a5313e5a69a0213a3cc06ef692b0e96"},
    {file = "watchdog-3.0.0-cp311-cp311-macosx_10_9_universal2.whl", hash = "sha256:2b57a1e730af3156d13b7fdddfc23dea6487fceca29fc75c5a868beed29177ae"},
    {file = "watchdog-3.0.0-cp311-cp311-macosx_10_9_x86_64.whl", hash = "sha256:7ade88d0d778b1b222adebcc0927428f883db07017618a5e684fd03b83342bd9"},
    {file = "watchdog-3.0.0-cp311-cp311-macosx_11_0_arm64.whl", hash = "sha256:7e447d172af52ad204d19982739aa2346245cc5ba6f579d16dac4bfec226d2e7"},
    {file = "watchdog-3.0.0-cp37-cp37m-macosx_10_9_x86_64.whl", hash = "sha256:9fac43a7466eb73e64a9940ac9ed6369baa39b3bf221ae23493a9ec4d0022674"},
    {file = "watchdog-3.0.0-cp38-cp38-macosx_10_9_universal2.whl", hash = "sha256:8ae9cda41fa114e28faf86cb137d751a17ffd0316d1c34ccf2235e8a84365c7f"},
    {file = "watchdog-3.0.0-cp38-cp38-macosx_10_9_x86_64.whl", hash = "sha256:25f70b4aa53bd743729c7475d7ec41093a580528b100e9a8c5b5efe8899592fc"},
    {file = "watchdog-3.0.0-cp38-cp38-macosx_11_0_arm64.whl", hash = "sha256:4f94069eb16657d2c6faada4624c39464f65c05606af50bb7902e036e3219be3"},
    {file = "watchdog-3.0.0-cp39-cp39-macosx_10_9_universal2.whl", hash = "sha256:7c5f84b5194c24dd573fa6472685b2a27cc5a17fe5f7b6fd40345378ca6812e3"},
    {file = "watchdog-3.0.0-cp39-cp39-macosx_10_9_x86_64.whl", hash = "sha256:3aa7f6a12e831ddfe78cdd4f8996af9cf334fd6346531b16cec61c3b3c0d8da0"},
    {file = "watchdog-3.0.0-cp39-cp39-macosx_11_0_arm64.whl", hash = "sha256:233b5817932685d39a7896b1090353fc8efc1ef99c9c054e46c8002561252fb8"},
    {file = "watchdog-3.0.0-pp37-pypy37_pp73-macosx_10_9_x86_64.whl", hash = "sha256:13bbbb462ee42ec3c5723e1205be8ced776f05b100e4737518c67c8325cf6100"},
    {file = "watchdog-3.0.0-pp38-pypy38_pp73-macosx_10_9_x86_64.whl", hash = "sha256:8f3ceecd20d71067c7fd4c9e832d4e22584318983cabc013dbf3f70ea95de346"},
    {file = "watchdog-3.0.0-pp39-pypy39_pp73-macosx_10_9_x86_64.whl", hash = "sha256:c9d8c8ec7efb887333cf71e328e39cffbf771d8f8f95d308ea4125bf5f90ba64"},
    {file = "watchdog-3.0.0-py3-none-manylinux2014_aarch64.whl", hash = "sha256:0e06ab8858a76e1219e68c7573dfeba9dd1c0219476c5a44d5333b01d7e1743a"},
    {file = "watchdog-3.0.0-py3-none-manylinux2014_armv7l.whl", hash = "sha256:d00e6be486affb5781468457b21a6cbe848c33ef43f9ea4a73b4882e5f188a44"},
    {file = "watchdog-3.0.0-py3-none-manylinux2014_i686.whl", hash = "sha256:c07253088265c363d1ddf4b3cdb808d59a0468ecd017770ed716991620b8f77a"},
    {file = "watchdog-3.0.0-py3-none-manylinux2014_ppc64.whl", hash = "sha256:5113334cf8cf0ac8cd45e1f8309a603291b614191c9add34d33075727a967709"},
    {file = "watchdog-3.0.0-py3-none-manylinux2014_ppc64le.whl", hash = "sha256:51f90f73b4697bac9c9a78394c3acbbd331ccd3655c11be1a15ae6fe289a8c83"},
    {file = "watchdog-3.0.0-py3-none-manylinux2014_s390x.whl", hash = "sha256:ba07e92756c97e3aca0912b5cbc4e5ad802f4557212788e72a72a47ff376950d"},
    {file = "watchdog-3.0.0-py3-none-manylinux2014_x86_64.whl", hash = "sha256:d429c2430c93b7903914e4db9a966c7f2b068dd2ebdd2fa9b9ce094c7d459f33"},
    {file = "watchdog-3.0.0-py3-none-win32.whl", hash = "sha256:3ed7c71a9dccfe838c2f0b6314ed0d9b22e77d268c67e015450a29036a81f60f"},
    {file = "watchdog-3.0.0-py3-none-win_amd64.whl", hash = "sha256:4c9956d27be0bb08fc5f30d9d0179a855436e655f046d288e2bcc11adfae893c"},
    {file = "watchdog-3.0.0-py3-none-win_ia64.whl", hash = "sha256:5d9f3a10e02d7371cd929b5d8f11e87d4bad890212ed3901f9b4d68767bee759"},
    {file = "watchdog-3.0.0.tar.gz", hash = "sha256:4d98a320595da7a7c5a18fc48cb633c2e73cda78f93cac2ef42d42bf609a33f9"},
]

[package.extras]
watchmedo = ["PyYAML (>=3.10)"]

[[package]]
name = "zipp"
version = "3.17.0"
description = "Backport of pathlib-compatible object wrapper for zip files"
optional = false
python-versions = ">=3.8"
files = [
    {file = "zipp-3.17.0-py3-none-any.whl", hash = "sha256:0e923e726174922dce09c53c59ad483ff7bbb8e572e00c7f7c46b88556409f31"},
    {file = "zipp-3.17.0.tar.gz", hash = "sha256:84e64a1c28cf7e91ed2078bb8cc8c259cb19b76942096c8d7b84947690cabaf0"},
]

[package.extras]
docs = ["furo", "jaraco.packaging (>=9.3)", "jaraco.tidelift (>=1.4)", "rst.linker (>=1.9)", "sphinx (<7.2.5)", "sphinx (>=3.5)", "sphinx-lint"]
testing = ["big-O", "jaraco.functools", "jaraco.itertools", "more-itertools", "pytest (>=6)", "pytest-black (>=0.3.7)", "pytest-checkdocs (>=2.4)", "pytest-cov", "pytest-enabler (>=2.2)", "pytest-ignore-flaky", "pytest-mypy (>=0.9.1)", "pytest-ruff"]

[metadata]
lock-version = "2.0"
python-versions = ">=3.8,<=4.0"
content-hash = "2e6de8c146b60c12fbcfdc3d595957c28e495c18c3faee010fd4e425eef53fdb"
