version = 1
revision = 3
requires-python = ">=3.9, <3.15"
resolution-markers = [
    "python_full_version >= '3.10'",
    "python_full_version < '3.10'",
]

[[package]]
name = "argsdict"
version = "1.0.0"
source = { registry = "https://pypi.org/simple" }
sdist = { url = "https://files.pythonhosted.org/packages/0a/a2/c1279004504547dc63b69c1c5b410fd1c4d87ea0fe095b0be3aa5cb35ef5/argsdict-1.0.0.tar.gz", hash = "sha256:38b437e7f2ff0bcf2935f5039d0cfd12cc0090928c4541159dafaff4c00c83e9", size = 8531, upload-time = "2023-07-21T13:08:31.976Z" }

[[package]]
name = "greenlet"
version = "3.2.4"
source = { registry = "https://pypi.org/simple" }
resolution-markers = [
    "python_full_version < '3.10'",
]
sdist = { url = "https://files.pythonhosted.org/packages/03/b8/704d753a5a45507a7aab61f18db9509302ed3d0a27ac7e0359ec2905b1a6/greenlet-3.2.4.tar.gz", hash = "sha256:0dca0d95ff849f9a364385f36ab49f50065d76964944638be9691e1832e9f86d", size = 188260, upload-time = "2025-08-07T13:24:33.51Z" }
wheels = [
    { url = "https://files.pythonhosted.org/packages/7d/ed/6bfa4109fcb23a58819600392564fea69cdc6551ffd5e69ccf1d52a40cbc/greenlet-3.2.4-cp310-cp310-macosx_11_0_universal2.whl", hash = "sha256:8c68325b0d0acf8d91dde4e6f930967dd52a5302cd4062932a6b2e7c2969f47c", size = 271061, upload-time = "2025-08-07T13:17:15.373Z" },
    { url = "https://files.pythonhosted.org/packages/2a/fc/102ec1a2fc015b3a7652abab7acf3541d58c04d3d17a8d3d6a44adae1eb1/greenlet-3.2.4-cp310-cp310-manylinux2014_aarch64.manylinux_2_17_aarch64.whl", hash = "sha256:94385f101946790ae13da500603491f04a76b6e4c059dab271b3ce2e283b2590", size = 629475, upload-time = "2025-08-07T13:42:54.009Z" },
    { url = "https://files.pythonhosted.org/packages/c5/26/80383131d55a4ac0fb08d71660fd77e7660b9db6bdb4e8884f46d9f2cc04/greenlet-3.2.4-cp310-cp310-manylinux2014_ppc64le.manylinux_2_17_ppc64le.whl", hash = "sha256:f10fd42b5ee276335863712fa3da6608e93f70629c631bf77145021600abc23c", size = 640802, upload-time = "2025-08-07T13:45:25.52Z" },
    { url = "https://files.pythonhosted.org/packages/9f/7c/e7833dbcd8f376f3326bd728c845d31dcde4c84268d3921afcae77d90d08/greenlet-3.2.4-cp310-cp310-manylinux2014_s390x.manylinux_2_17_s390x.whl", hash = "sha256:c8c9e331e58180d0d83c5b7999255721b725913ff6bc6cf39fa2a45841a4fd4b", size = 636703, upload-time = "2025-08-07T13:53:12.622Z" },
    { url = "https://files.pythonhosted.org/packages/e9/49/547b93b7c0428ede7b3f309bc965986874759f7d89e4e04aeddbc9699acb/greenlet-3.2.4-cp310-cp310-manylinux2014_x86_64.manylinux_2_17_x86_64.whl", hash = "sha256:58b97143c9cc7b86fc458f215bd0932f1757ce649e05b640fea2e79b54cedb31", size = 635417, upload-time = "2025-08-07T13:18:25.189Z" },
    { url = "https://files.pythonhosted.org/packages/7f/91/ae2eb6b7979e2f9b035a9f612cf70f1bf54aad4e1d125129bef1eae96f19/greenlet-3.2.4-cp310-cp310-manylinux_2_24_x86_64.manylinux_2_28_x86_64.whl", hash = "sha256:c2ca18a03a8cfb5b25bc1cbe20f3d9a4c80d8c3b13ba3df49ac3961af0b1018d", size = 584358, upload-time = "2025-08-07T13:18:23.708Z" },
    { url = "https://files.pythonhosted.org/packages/f7/85/433de0c9c0252b22b16d413c9407e6cb3b41df7389afc366ca204dbc1393/greenlet-3.2.4-cp310-cp310-musllinux_1_1_aarch64.whl", hash = "sha256:9fe0a28a7b952a21e2c062cd5756d34354117796c6d9215a87f55e38d15402c5", size = 1113550, upload-time = "2025-08-07T13:42:37.467Z" },
    { url = "https://files.pythonhosted.org/packages/a1/8d/88f3ebd2bc96bf7747093696f4335a0a8a4c5acfcf1b757717c0d2474ba3/greenlet-3.2.4-cp310-cp310-musllinux_1_1_x86_64.whl", hash = "sha256:8854167e06950ca75b898b104b63cc646573aa5fef1353d4508ecdd1ee76254f", size = 1137126, upload-time = "2025-08-07T13:18:20.239Z" },
    { url = "https://files.pythonhosted.org/packages/f1/29/74242b7d72385e29bcc5563fba67dad94943d7cd03552bac320d597f29b2/greenlet-3.2.4-cp310-cp310-musllinux_1_2_aarch64.whl", hash = "sha256:f47617f698838ba98f4ff4189aef02e7343952df3a615f847bb575c3feb177a7", size = 1544904, upload-time = "2025-11-04T12:42:04.763Z" },
    { url = "https://files.pythonhosted.org/packages/c8/e2/1572b8eeab0f77df5f6729d6ab6b141e4a84ee8eb9bc8c1e7918f94eda6d/greenlet-3.2.4-cp310-cp310-musllinux_1_2_x86_64.whl", hash = "sha256:af41be48a4f60429d5cad9d22175217805098a9ef7c40bfef44f7669fb9d74d8", size = 1611228, upload-time = "2025-11-04T12:42:08.423Z" },
    { url = "https://files.pythonhosted.org/packages/d6/6f/b60b0291d9623c496638c582297ead61f43c4b72eef5e9c926ef4565ec13/greenlet-3.2.4-cp310-cp310-win_amd64.whl", hash = "sha256:73f49b5368b5359d04e18d15828eecc1806033db5233397748f4ca813ff1056c", size = 298654, upload-time = "2025-08-07T13:50:00.469Z" },
    { url = "https://files.pythonhosted.org/packages/a4/de/f28ced0a67749cac23fecb02b694f6473f47686dff6afaa211d186e2ef9c/greenlet-3.2.4-cp311-cp311-macosx_11_0_universal2.whl", hash = "sha256:96378df1de302bc38e99c3a9aa311967b7dc80ced1dcc6f171e99842987882a2", size = 272305, upload-time = "2025-08-07T13:15:41.288Z" },
    { url = "https://files.pythonhosted.org/packages/09/16/2c3792cba130000bf2a31c5272999113f4764fd9d874fb257ff588ac779a/greenlet-3.2.4-cp311-cp311-manylinux2014_aarch64.manylinux_2_17_aarch64.whl", hash = "sha256:1ee8fae0519a337f2329cb78bd7a8e128ec0f881073d43f023c7b8d4831d5246", size = 632472, upload-time = "2025-08-07T13:42:55.044Z" },
    { url = "https://files.pythonhosted.org/packages/ae/8f/95d48d7e3d433e6dae5b1682e4292242a53f22df82e6d3dda81b1701a960/greenlet-3.2.4-cp311-cp311-manylinux2014_ppc64le.manylinux_2_17_ppc64le.whl", hash = "sha256:94abf90142c2a18151632371140b3dba4dee031633fe614cb592dbb6c9e17bc3", size = 644646, upload-time = "2025-08-07T13:45:26.523Z" },
    { url = "https://files.pythonhosted.org/packages/d5/5e/405965351aef8c76b8ef7ad370e5da58d57ef6068df197548b015464001a/greenlet-3.2.4-cp311-cp311-manylinux2014_s390x.manylinux_2_17_s390x.whl", hash = "sha256:4d1378601b85e2e5171b99be8d2dc85f594c79967599328f95c1dc1a40f1c633", size = 640519, upload-time = "2025-08-07T13:53:13.928Z" },
    { url = "https://files.pythonhosted.org/packages/25/5d/382753b52006ce0218297ec1b628e048c4e64b155379331f25a7316eb749/greenlet-3.2.4-cp311-cp311-manylinux2014_x86_64.manylinux_2_17_x86_64.whl", hash = "sha256:0db5594dce18db94f7d1650d7489909b57afde4c580806b8d9203b6e79cdc079", size = 639707, upload-time = "2025-08-07T13:18:27.146Z" },
    { url = "https://files.pythonhosted.org/packages/1f/8e/abdd3f14d735b2929290a018ecf133c901be4874b858dd1c604b9319f064/greenlet-3.2.4-cp311-cp311-manylinux_2_24_x86_64.manylinux_2_28_x86_64.whl", hash = "sha256:2523e5246274f54fdadbce8494458a2ebdcdbc7b802318466ac5606d3cded1f8", size = 587684, upload-time = "2025-08-07T13:18:25.164Z" },
    { url = "https://files.pythonhosted.org/packages/5d/65/deb2a69c3e5996439b0176f6651e0052542bb6c8f8ec2e3fba97c9768805/greenlet-3.2.4-cp311-cp311-musllinux_1_1_aarch64.whl", hash = "sha256:1987de92fec508535687fb807a5cea1560f6196285a4cde35c100b8cd632cc52", size = 1116647, upload-time = "2025-08-07T13:42:38.655Z" },
    { url = "https://files.pythonhosted.org/packages/3f/cc/b07000438a29ac5cfb2194bfc128151d52f333cee74dd7dfe3fb733fc16c/greenlet-3.2.4-cp311-cp311-musllinux_1_1_x86_64.whl", hash = "sha256:55e9c5affaa6775e2c6b67659f3a71684de4c549b3dd9afca3bc773533d284fa", size = 1142073, upload-time = "2025-08-07T13:18:21.737Z" },
    { url = "https://files.pythonhosted.org/packages/67/24/28a5b2fa42d12b3d7e5614145f0bd89714c34c08be6aabe39c14dd52db34/greenlet-3.2.4-cp311-cp311-musllinux_1_2_aarch64.whl", hash = "sha256:c9c6de1940a7d828635fbd254d69db79e54619f165ee7ce32fda763a9cb6a58c", size = 1548385, upload-time = "2025-11-04T12:42:11.067Z" },
    { url = "https://files.pythonhosted.org/packages/6a/05/03f2f0bdd0b0ff9a4f7b99333d57b53a7709c27723ec8123056b084e69cd/greenlet-3.2.4-cp311-cp311-musllinux_1_2_x86_64.whl", hash = "sha256:03c5136e7be905045160b1b9fdca93dd6727b180feeafda6818e6496434ed8c5", size = 1613329, upload-time = "2025-11-04T12:42:12.928Z" },
    { url = "https://files.pythonhosted.org/packages/d8/0f/30aef242fcab550b0b3520b8e3561156857c94288f0332a79928c31a52cf/greenlet-3.2.4-cp311-cp311-win_amd64.whl", hash = "sha256:9c40adce87eaa9ddb593ccb0fa6a07caf34015a29bf8d344811665b573138db9", size = 299100, upload-time = "2025-08-07T13:44:12.287Z" },
    { url = "https://files.pythonhosted.org/packages/44/69/9b804adb5fd0671f367781560eb5eb586c4d495277c93bde4307b9e28068/greenlet-3.2.4-cp312-cp312-macosx_11_0_universal2.whl", hash = "sha256:3b67ca49f54cede0186854a008109d6ee71f66bd57bb36abd6d0a0267b540cdd", size = 274079, upload-time = "2025-08-07T13:15:45.033Z" },
    { url = "https://files.pythonhosted.org/packages/46/e9/d2a80c99f19a153eff70bc451ab78615583b8dac0754cfb942223d2c1a0d/greenlet-3.2.4-cp312-cp312-manylinux2014_aarch64.manylinux_2_17_aarch64.whl", hash = "sha256:ddf9164e7a5b08e9d22511526865780a576f19ddd00d62f8a665949327fde8bb", size = 640997, upload-time = "2025-08-07T13:42:56.234Z" },
    { url = "https://files.pythonhosted.org/packages/3b/16/035dcfcc48715ccd345f3a93183267167cdd162ad123cd93067d86f27ce4/greenlet-3.2.4-cp312-cp312-manylinux2014_ppc64le.manylinux_2_17_ppc64le.whl", hash = "sha256:f28588772bb5fb869a8eb331374ec06f24a83a9c25bfa1f38b6993afe9c1e968", size = 655185, upload-time = "2025-08-07T13:45:27.624Z" },
    { url = "https://files.pythonhosted.org/packages/31/da/0386695eef69ffae1ad726881571dfe28b41970173947e7c558d9998de0f/greenlet-3.2.4-cp312-cp312-manylinux2014_s390x.manylinux_2_17_s390x.whl", hash = "sha256:5c9320971821a7cb77cfab8d956fa8e39cd07ca44b6070db358ceb7f8797c8c9", size = 649926, upload-time = "2025-08-07T13:53:15.251Z" },
    { url = "https://files.pythonhosted.org/packages/68/88/69bf19fd4dc19981928ceacbc5fd4bb6bc2215d53199e367832e98d1d8fe/greenlet-3.2.4-cp312-cp312-manylinux2014_x86_64.manylinux_2_17_x86_64.whl", hash = "sha256:c60a6d84229b271d44b70fb6e5fa23781abb5d742af7b808ae3f6efd7c9c60f6", size = 651839, upload-time = "2025-08-07T13:18:30.281Z" },
    { url = "https://files.pythonhosted.org/packages/19/0d/6660d55f7373b2ff8152401a83e02084956da23ae58cddbfb0b330978fe9/greenlet-3.2.4-cp312-cp312-manylinux_2_24_x86_64.manylinux_2_28_x86_64.whl", hash = "sha256:3b3812d8d0c9579967815af437d96623f45c0f2ae5f04e366de62a12d83a8fb0", size = 607586, upload-time = "2025-08-07T13:18:28.544Z" },
    { url = "https://files.pythonhosted.org/packages/8e/1a/c953fdedd22d81ee4629afbb38d2f9d71e37d23caace44775a3a969147d4/greenlet-3.2.4-cp312-cp312-musllinux_1_1_aarch64.whl", hash = "sha256:abbf57b5a870d30c4675928c37278493044d7c14378350b3aa5d484fa65575f0", size = 1123281, upload-time = "2025-08-07T13:42:39.858Z" },
    { url = "https://files.pythonhosted.org/packages/3f/c7/12381b18e21aef2c6bd3a636da1088b888b97b7a0362fac2e4de92405f97/greenlet-3.2.4-cp312-cp312-musllinux_1_1_x86_64.whl", hash = "sha256:20fb936b4652b6e307b8f347665e2c615540d4b42b3b4c8a321d8286da7e520f", size = 1151142, upload-time = "2025-08-07T13:18:22.981Z" },
    { url = "https://files.pythonhosted.org/packages/27/45/80935968b53cfd3f33cf99ea5f08227f2646e044568c9b1555b58ffd61c2/greenlet-3.2.4-cp312-cp312-musllinux_1_2_aarch64.whl", hash = "sha256:ee7a6ec486883397d70eec05059353b8e83eca9168b9f3f9a361971e77e0bcd0", size = 1564846, upload-time = "2025-11-04T12:42:15.191Z" },
    { url = "https://files.pythonhosted.org/packages/69/02/b7c30e5e04752cb4db6202a3858b149c0710e5453b71a3b2aec5d78a1aab/greenlet-3.2.4-cp312-cp312-musllinux_1_2_x86_64.whl", hash = "sha256:326d234cbf337c9c3def0676412eb7040a35a768efc92504b947b3e9cfc7543d", size = 1633814, upload-time = "2025-11-04T12:42:17.175Z" },
    { url = "https://files.pythonhosted.org/packages/e9/08/b0814846b79399e585f974bbeebf5580fbe59e258ea7be64d9dfb253c84f/greenlet-3.2.4-cp312-cp312-win_amd64.whl", hash = "sha256:a7d4e128405eea3814a12cc2605e0e6aedb4035bf32697f72deca74de4105e02", size = 299899, upload-time = "2025-08-07T13:38:53.448Z" },
    { url = "https://files.pythonhosted.org/packages/49/e8/58c7f85958bda41dafea50497cbd59738c5c43dbbea5ee83d651234398f4/greenlet-3.2.4-cp313-cp313-macosx_11_0_universal2.whl", hash = "sha256:1a921e542453fe531144e91e1feedf12e07351b1cf6c9e8a3325ea600a715a31", size = 272814, upload-time = "2025-08-07T13:15:50.011Z" },
    { url = "https://files.pythonhosted.org/packages/62/dd/b9f59862e9e257a16e4e610480cfffd29e3fae018a68c2332090b53aac3d/greenlet-3.2.4-cp313-cp313-manylinux2014_aarch64.manylinux_2_17_aarch64.whl", hash = "sha256:cd3c8e693bff0fff6ba55f140bf390fa92c994083f838fece0f63be121334945", size = 641073, upload-time = "2025-08-07T13:42:57.23Z" },
    { url = "https://files.pythonhosted.org/packages/f7/0b/bc13f787394920b23073ca3b6c4a7a21396301ed75a655bcb47196b50e6e/greenlet-3.2.4-cp313-cp313-manylinux2014_ppc64le.manylinux_2_17_ppc64le.whl", hash = "sha256:710638eb93b1fa52823aa91bf75326f9ecdfd5e0466f00789246a5280f4ba0fc", size = 655191, upload-time = "2025-08-07T13:45:29.752Z" },
    { url = "https://files.pythonhosted.org/packages/f2/d6/6adde57d1345a8d0f14d31e4ab9c23cfe8e2cd39c3baf7674b4b0338d266/greenlet-3.2.4-cp313-cp313-manylinux2014_s390x.manylinux_2_17_s390x.whl", hash = "sha256:c5111ccdc9c88f423426df3fd1811bfc40ed66264d35aa373420a34377efc98a", size = 649516, upload-time = "2025-08-07T13:53:16.314Z" },
    { url = "https://files.pythonhosted.org/packages/7f/3b/3a3328a788d4a473889a2d403199932be55b1b0060f4ddd96ee7cdfcad10/greenlet-3.2.4-cp313-cp313-manylinux2014_x86_64.manylinux_2_17_x86_64.whl", hash = "sha256:d76383238584e9711e20ebe14db6c88ddcedc1829a9ad31a584389463b5aa504", size = 652169, upload-time = "2025-08-07T13:18:32.861Z" },
    { url = "https://files.pythonhosted.org/packages/ee/43/3cecdc0349359e1a527cbf2e3e28e5f8f06d3343aaf82ca13437a9aa290f/greenlet-3.2.4-cp313-cp313-manylinux_2_24_x86_64.manylinux_2_28_x86_64.whl", hash = "sha256:23768528f2911bcd7e475210822ffb5254ed10d71f4028387e5a99b4c6699671", size = 610497, upload-time = "2025-08-07T13:18:31.636Z" },
    { url = "https://files.pythonhosted.org/packages/b8/19/06b6cf5d604e2c382a6f31cafafd6f33d5dea706f4db7bdab184bad2b21d/greenlet-3.2.4-cp313-cp313-musllinux_1_1_aarch64.whl", hash = "sha256:00fadb3fedccc447f517ee0d3fd8fe49eae949e1cd0f6a611818f4f6fb7dc83b", size = 1121662, upload-time = "2025-08-07T13:42:41.117Z" },
    { url = "https://files.pythonhosted.org/packages/a2/15/0d5e4e1a66fab130d98168fe984c509249c833c1a3c16806b90f253ce7b9/greenlet-3.2.4-cp313-cp313-musllinux_1_1_x86_64.whl", hash = "sha256:d25c5091190f2dc0eaa3f950252122edbbadbb682aa7b1ef2f8af0f8c0afefae", size = 1149210, upload-time = "2025-08-07T13:18:24.072Z" },
    { url = "https://files.pythonhosted.org/packages/1c/53/f9c440463b3057485b8594d7a638bed53ba531165ef0ca0e6c364b5cc807/greenlet-3.2.4-cp313-cp313-musllinux_1_2_aarch64.whl", hash = "sha256:6e343822feb58ac4d0a1211bd9399de2b3a04963ddeec21530fc426cc121f19b", size = 1564759, upload-time = "2025-11-04T12:42:19.395Z" },
    { url = "https://files.pythonhosted.org/packages/47/e4/3bb4240abdd0a8d23f4f88adec746a3099f0d86bfedb623f063b2e3b4df0/greenlet-3.2.4-cp313-cp313-musllinux_1_2_x86_64.whl", hash = "sha256:ca7f6f1f2649b89ce02f6f229d7c19f680a6238af656f61e0115b24857917929", size = 1634288, upload-time = "2025-11-04T12:42:21.174Z" },
    { url = "https://files.pythonhosted.org/packages/0b/55/2321e43595e6801e105fcfdee02b34c0f996eb71e6ddffca6b10b7e1d771/greenlet-3.2.4-cp313-cp313-win_amd64.whl", hash = "sha256:554b03b6e73aaabec3745364d6239e9e012d64c68ccd0b8430c64ccc14939a8b", size = 299685, upload-time = "2025-08-07T13:24:38.824Z" },
    { url = "https://files.pythonhosted.org/packages/22/5c/85273fd7cc388285632b0498dbbab97596e04b154933dfe0f3e68156c68c/greenlet-3.2.4-cp314-cp314-macosx_11_0_universal2.whl", hash = "sha256:49a30d5fda2507ae77be16479bdb62a660fa51b1eb4928b524975b3bde77b3c0", size = 273586, upload-time = "2025-08-07T13:16:08.004Z" },
    { url = "https://files.pythonhosted.org/packages/d1/75/10aeeaa3da9332c2e761e4c50d4c3556c21113ee3f0afa2cf5769946f7a3/greenlet-3.2.4-cp314-cp314-manylinux2014_aarch64.manylinux_2_17_aarch64.whl", hash = "sha256:299fd615cd8fc86267b47597123e3f43ad79c9d8a22bebdce535e53550763e2f", size = 686346, upload-time = "2025-08-07T13:42:59.944Z" },
    { url = "https://files.pythonhosted.org/packages/c0/aa/687d6b12ffb505a4447567d1f3abea23bd20e73a5bed63871178e0831b7a/greenlet-3.2.4-cp314-cp314-manylinux2014_ppc64le.manylinux_2_17_ppc64le.whl", hash = "sha256:c17b6b34111ea72fc5a4e4beec9711d2226285f0386ea83477cbb97c30a3f3a5", size = 699218, upload-time = "2025-08-07T13:45:30.969Z" },
    { url = "https://files.pythonhosted.org/packages/dc/8b/29aae55436521f1d6f8ff4e12fb676f3400de7fcf27fccd1d4d17fd8fecd/greenlet-3.2.4-cp314-cp314-manylinux2014_s390x.manylinux_2_17_s390x.whl", hash = "sha256:b4a1870c51720687af7fa3e7cda6d08d801dae660f75a76f3845b642b4da6ee1", size = 694659, upload-time = "2025-08-07T13:53:17.759Z" },
    { url = "https://files.pythonhosted.org/packages/92/2e/ea25914b1ebfde93b6fc4ff46d6864564fba59024e928bdc7de475affc25/greenlet-3.2.4-cp314-cp314-manylinux2014_x86_64.manylinux_2_17_x86_64.whl", hash = "sha256:061dc4cf2c34852b052a8620d40f36324554bc192be474b9e9770e8c042fd735", size = 695355, upload-time = "2025-08-07T13:18:34.517Z" },
    { url = "https://files.pythonhosted.org/packages/72/60/fc56c62046ec17f6b0d3060564562c64c862948c9d4bc8aa807cf5bd74f4/greenlet-3.2.4-cp314-cp314-manylinux_2_24_x86_64.manylinux_2_28_x86_64.whl", hash = "sha256:44358b9bf66c8576a9f57a590d5f5d6e72fa4228b763d0e43fee6d3b06d3a337", size = 657512, upload-time = "2025-08-07T13:18:33.969Z" },
    { url = "https://files.pythonhosted.org/packages/23/6e/74407aed965a4ab6ddd93a7ded3180b730d281c77b765788419484cdfeef/greenlet-3.2.4-cp314-cp314-musllinux_1_2_aarch64.whl", hash = "sha256:2917bdf657f5859fbf3386b12d68ede4cf1f04c90c3a6bc1f013dd68a22e2269", size = 1612508, upload-time = "2025-11-04T12:42:23.427Z" },
    { url = "https://files.pythonhosted.org/packages/0d/da/343cd760ab2f92bac1845ca07ee3faea9fe52bee65f7bcb19f16ad7de08b/greenlet-3.2.4-cp314-cp314-musllinux_1_2_x86_64.whl", hash = "sha256:015d48959d4add5d6c9f6c5210ee3803a830dce46356e3bc326d6776bde54681", size = 1680760, upload-time = "2025-11-04T12:42:25.341Z" },
    { url = "https://files.pythonhosted.org/packages/e3/a5/6ddab2b4c112be95601c13428db1d8b6608a8b6039816f2ba09c346c08fc/greenlet-3.2.4-cp314-cp314-win_amd64.whl", hash = "sha256:e37ab26028f12dbb0ff65f29a8d3d44a765c61e729647bf2ddfbbed621726f01", size = 303425, upload-time = "2025-08-07T13:32:27.59Z" },
    { url = "https://files.pythonhosted.org/packages/f7/c0/93885c4106d2626bf51fdec377d6aef740dfa5c4877461889a7cf8e565cc/greenlet-3.2.4-cp39-cp39-macosx_11_0_universal2.whl", hash = "sha256:b6a7c19cf0d2742d0809a4c05975db036fdff50cd294a93632d6a310bf9ac02c", size = 269859, upload-time = "2025-08-07T13:16:16.003Z" },
    { url = "https://files.pythonhosted.org/packages/4d/f5/33f05dc3ba10a02dedb1485870cf81c109227d3d3aa280f0e48486cac248/greenlet-3.2.4-cp39-cp39-manylinux2014_aarch64.manylinux_2_17_aarch64.whl", hash = "sha256:27890167f55d2387576d1f41d9487ef171849ea0359ce1510ca6e06c8bece11d", size = 627610, upload-time = "2025-08-07T13:43:01.345Z" },
    { url = "https://files.pythonhosted.org/packages/b2/a7/9476decef51a0844195f99ed5dc611d212e9b3515512ecdf7321543a7225/greenlet-3.2.4-cp39-cp39-manylinux2014_ppc64le.manylinux_2_17_ppc64le.whl", hash = "sha256:18d9260df2b5fbf41ae5139e1be4e796d99655f023a636cd0e11e6406cca7d58", size = 639417, upload-time = "2025-08-07T13:45:32.094Z" },
    { url = "https://files.pythonhosted.org/packages/bd/e0/849b9159cbb176f8c0af5caaff1faffdece7a8417fcc6fe1869770e33e21/greenlet-3.2.4-cp39-cp39-manylinux2014_s390x.manylinux_2_17_s390x.whl", hash = "sha256:671df96c1f23c4a0d4077a325483c1503c96a1b7d9db26592ae770daa41233d4", size = 634751, upload-time = "2025-08-07T13:53:18.848Z" },
    { url = "https://files.pythonhosted.org/packages/5f/d3/844e714a9bbd39034144dca8b658dcd01839b72bb0ec7d8014e33e3705f0/greenlet-3.2.4-cp39-cp39-manylinux2014_x86_64.manylinux_2_17_x86_64.whl", hash = "sha256:16458c245a38991aa19676900d48bd1a6f2ce3e16595051a4db9d012154e8433", size = 634020, upload-time = "2025-08-07T13:18:36.841Z" },
    { url = "https://files.pythonhosted.org/packages/6b/4c/f3de2a8de0e840ecb0253ad0dc7e2bb3747348e798ec7e397d783a3cb380/greenlet-3.2.4-cp39-cp39-manylinux_2_24_x86_64.manylinux_2_28_x86_64.whl", hash = "sha256:c9913f1a30e4526f432991f89ae263459b1c64d1608c0d22a5c79c287b3c70df", size = 582817, upload-time = "2025-08-07T13:18:35.48Z" },
    { url = "https://files.pythonhosted.org/packages/89/80/7332915adc766035c8980b161c2e5d50b2f941f453af232c164cff5e0aeb/greenlet-3.2.4-cp39-cp39-musllinux_1_1_aarch64.whl", hash = "sha256:b90654e092f928f110e0007f572007c9727b5265f7632c2fa7415b4689351594", size = 1111985, upload-time = "2025-08-07T13:42:42.425Z" },
    { url = "https://files.pythonhosted.org/packages/66/71/1928e2c80197353bcb9b50aa19c4d8e26ee6d7a900c564907665cf4b9a41/greenlet-3.2.4-cp39-cp39-musllinux_1_1_x86_64.whl", hash = "sha256:81701fd84f26330f0d5f4944d4e92e61afe6319dcd9775e39396e39d7c3e5f98", size = 1136137, upload-time = "2025-08-07T13:18:26.168Z" },
    { url = "https://files.pythonhosted.org/packages/4b/bf/7bd33643e48ed45dcc0e22572f650767832bd4e1287f97434943cc402148/greenlet-3.2.4-cp39-cp39-musllinux_1_2_aarch64.whl", hash = "sha256:28a3c6b7cd72a96f61b0e4b2a36f681025b60ae4779cc73c1535eb5f29560b10", size = 1542941, upload-time = "2025-11-04T12:42:27.427Z" },
    { url = "https://files.pythonhosted.org/packages/9b/74/4bc433f91d0d09a1c22954a371f9df928cb85e72640870158853a83415e5/greenlet-3.2.4-cp39-cp39-musllinux_1_2_x86_64.whl", hash = "sha256:52206cd642670b0b320a1fd1cbfd95bca0e043179c1d8a045f2c6109dfe973be", size = 1609685, upload-time = "2025-11-04T12:42:29.242Z" },
    { url = "https://files.pythonhosted.org/packages/89/48/a5dc74dde38aeb2b15d418cec76ed50e1dd3d620ccda84d8199703248968/greenlet-3.2.4-cp39-cp39-win32.whl", hash = "sha256:65458b409c1ed459ea899e939f0e1cdb14f58dbc803f2f93c5eab5694d32671b", size = 281400, upload-time = "2025-08-07T14:02:20.263Z" },
    { url = "https://files.pythonhosted.org/packages/e5/44/342c4591db50db1076b8bda86ed0ad59240e3e1da17806a4cf10a6d0e447/greenlet-3.2.4-cp39-cp39-win_amd64.whl", hash = "sha256:d2e685ade4dafd447ede19c31277a224a239a0a1a4eca4e6390efedf20260cfb", size = 298533, upload-time = "2025-08-07T13:56:34.168Z" },
]

[[package]]
name = "greenlet"
version = "3.3.0"
source = { registry = "https://pypi.org/simple" }
resolution-markers = [
    "python_full_version >= '3.10'",
]
sdist = { url = "https://files.pythonhosted.org/packages/c7/e5/40dbda2736893e3e53d25838e0f19a2b417dfc122b9989c91918db30b5d3/greenlet-3.3.0.tar.gz", hash = "sha256:a82bb225a4e9e4d653dd2fb7b8b2d36e4fb25bc0165422a11e48b88e9e6f78fb", size = 190651, upload-time = "2025-12-04T14:49:44.05Z" }
wheels = [
    { url = "https://files.pythonhosted.org/packages/32/6a/33d1702184d94106d3cdd7bfb788e19723206fce152e303473ca3b946c7b/greenlet-3.3.0-cp310-cp310-macosx_11_0_universal2.whl", hash = "sha256:6f8496d434d5cb2dce025773ba5597f71f5410ae499d5dd9533e0653258cdb3d", size = 273658, upload-time = "2025-12-04T14:23:37.494Z" },
    { url = "https://files.pythonhosted.org/packages/d6/b7/2b5805bbf1907c26e434f4e448cd8b696a0b71725204fa21a211ff0c04a7/greenlet-3.3.0-cp310-cp310-manylinux_2_24_aarch64.manylinux_2_28_aarch64.whl", hash = "sha256:b96dc7eef78fd404e022e165ec55327f935b9b52ff355b067eb4a0267fc1cffb", size = 574810, upload-time = "2025-12-04T14:50:04.154Z" },
    { url = "https://files.pythonhosted.org/packages/94/38/343242ec12eddf3d8458c73f555c084359883d4ddc674240d9e61ec51fd6/greenlet-3.3.0-cp310-cp310-manylinux_2_24_ppc64le.manylinux_2_28_ppc64le.whl", hash = "sha256:73631cd5cccbcfe63e3f9492aaa664d278fda0ce5c3d43aeda8e77317e38efbd", size = 586248, upload-time = "2025-12-04T14:57:39.35Z" },
    { url = "https://files.pythonhosted.org/packages/f0/d0/0ae86792fb212e4384041e0ef8e7bc66f59a54912ce407d26a966ed2914d/greenlet-3.3.0-cp310-cp310-manylinux_2_24_s390x.manylinux_2_28_s390x.whl", hash = "sha256:b299a0cb979f5d7197442dccc3aee67fce53500cd88951b7e6c35575701c980b", size = 597403, upload-time = "2025-12-04T15:07:10.831Z" },
    { url = "https://files.pythonhosted.org/packages/b6/a8/15d0aa26c0036a15d2659175af00954aaaa5d0d66ba538345bd88013b4d7/greenlet-3.3.0-cp310-cp310-manylinux_2_24_x86_64.manylinux_2_28_x86_64.whl", hash = "sha256:7dee147740789a4632cace364816046e43310b59ff8fb79833ab043aefa72fd5", size = 586910, upload-time = "2025-12-04T14:25:59.705Z" },
    { url = "https://files.pythonhosted.org/packages/e1/9b/68d5e3b7ccaba3907e5532cf8b9bf16f9ef5056a008f195a367db0ff32db/greenlet-3.3.0-cp310-cp310-musllinux_1_2_aarch64.whl", hash = "sha256:39b28e339fc3c348427560494e28d8a6f3561c8d2bcf7d706e1c624ed8d822b9", size = 1547206, upload-time = "2025-12-04T15:04:21.027Z" },
    { url = "https://files.pythonhosted.org/packages/66/bd/e3086ccedc61e49f91e2cfb5ffad9d8d62e5dc85e512a6200f096875b60c/greenlet-3.3.0-cp310-cp310-musllinux_1_2_x86_64.whl", hash = "sha256:b3c374782c2935cc63b2a27ba8708471de4ad1abaa862ffdb1ef45a643ddbb7d", size = 1613359, upload-time = "2025-12-04T14:27:26.548Z" },
    { url = "https://files.pythonhosted.org/packages/f4/6b/d4e73f5dfa888364bbf02efa85616c6714ae7c631c201349782e5b428925/greenlet-3.3.0-cp310-cp310-win_amd64.whl", hash = "sha256:b49e7ed51876b459bd645d83db257f0180e345d3f768a35a85437a24d5a49082", size = 300740, upload-time = "2025-12-04T14:47:52.773Z" },
    { url = "https://files.pythonhosted.org/packages/1f/cb/48e964c452ca2b92175a9b2dca037a553036cb053ba69e284650ce755f13/greenlet-3.3.0-cp311-cp311-macosx_11_0_universal2.whl", hash = "sha256:e29f3018580e8412d6aaf5641bb7745d38c85228dacf51a73bd4e26ddf2a6a8e", size = 274908, upload-time = "2025-12-04T14:23:26.435Z" },
    { url = "https://files.pythonhosted.org/packages/28/da/38d7bff4d0277b594ec557f479d65272a893f1f2a716cad91efeb8680953/greenlet-3.3.0-cp311-cp311-manylinux_2_24_aarch64.manylinux_2_28_aarch64.whl", hash = "sha256:a687205fb22794e838f947e2194c0566d3812966b41c78709554aa883183fb62", size = 577113, upload-time = "2025-12-04T14:50:05.493Z" },
    { url = "https://files.pythonhosted.org/packages/3c/f2/89c5eb0faddc3ff014f1c04467d67dee0d1d334ab81fadbf3744847f8a8a/greenlet-3.3.0-cp311-cp311-manylinux_2_24_ppc64le.manylinux_2_28_ppc64le.whl", hash = "sha256:4243050a88ba61842186cb9e63c7dfa677ec146160b0efd73b855a3d9c7fcf32", size = 590338, upload-time = "2025-12-04T14:57:41.136Z" },
    { url = "https://files.pythonhosted.org/packages/80/d7/db0a5085035d05134f8c089643da2b44cc9b80647c39e93129c5ef170d8f/greenlet-3.3.0-cp311-cp311-manylinux_2_24_s390x.manylinux_2_28_s390x.whl", hash = "sha256:670d0f94cd302d81796e37299bcd04b95d62403883b24225c6b5271466612f45", size = 601098, upload-time = "2025-12-04T15:07:11.898Z" },
    { url = "https://files.pythonhosted.org/packages/dc/a6/e959a127b630a58e23529972dbc868c107f9d583b5a9f878fb858c46bc1a/greenlet-3.3.0-cp311-cp311-manylinux_2_24_x86_64.manylinux_2_28_x86_64.whl", hash = "sha256:6cb3a8ec3db4a3b0eb8a3c25436c2d49e3505821802074969db017b87bc6a948", size = 590206, upload-time = "2025-12-04T14:26:01.254Z" },
    { url = "https://files.pythonhosted.org/packages/48/60/29035719feb91798693023608447283b266b12efc576ed013dd9442364bb/greenlet-3.3.0-cp311-cp311-musllinux_1_2_aarch64.whl", hash = "sha256:2de5a0b09eab81fc6a382791b995b1ccf2b172a9fec934747a7a23d2ff291794", size = 1550668, upload-time = "2025-12-04T15:04:22.439Z" },
    { url = "https://files.pythonhosted.org/packages/0a/5f/783a23754b691bfa86bd72c3033aa107490deac9b2ef190837b860996c9f/greenlet-3.3.0-cp311-cp311-musllinux_1_2_x86_64.whl", hash = "sha256:4449a736606bd30f27f8e1ff4678ee193bc47f6ca810d705981cfffd6ce0d8c5", size = 1615483, upload-time = "2025-12-04T14:27:28.083Z" },
    { url = "https://files.pythonhosted.org/packages/1d/d5/c339b3b4bc8198b7caa4f2bd9fd685ac9f29795816d8db112da3d04175bb/greenlet-3.3.0-cp311-cp311-win_amd64.whl", hash = "sha256:7652ee180d16d447a683c04e4c5f6441bae7ba7b17ffd9f6b3aff4605e9e6f71", size = 301164, upload-time = "2025-12-04T14:42:51.577Z" },
    { url = "https://files.pythonhosted.org/packages/f8/0a/a3871375c7b9727edaeeea994bfff7c63ff7804c9829c19309ba2e058807/greenlet-3.3.0-cp312-cp312-macosx_11_0_universal2.whl", hash = "sha256:b01548f6e0b9e9784a2c99c5651e5dc89ffcbe870bc5fb2e5ef864e9cc6b5dcb", size = 276379, upload-time = "2025-12-04T14:23:30.498Z" },
    { url = "https://files.pythonhosted.org/packages/43/ab/7ebfe34dce8b87be0d11dae91acbf76f7b8246bf9d6b319c741f99fa59c6/greenlet-3.3.0-cp312-cp312-manylinux_2_24_aarch64.manylinux_2_28_aarch64.whl", hash = "sha256:349345b770dc88f81506c6861d22a6ccd422207829d2c854ae2af8025af303e3", size = 597294, upload-time = "2025-12-04T14:50:06.847Z" },
    { url = "https://files.pythonhosted.org/packages/a4/39/f1c8da50024feecd0793dbd5e08f526809b8ab5609224a2da40aad3a7641/greenlet-3.3.0-cp312-cp312-manylinux_2_24_ppc64le.manylinux_2_28_ppc64le.whl", hash = "sha256:e8e18ed6995e9e2c0b4ed264d2cf89260ab3ac7e13555b8032b25a74c6d18655", size = 607742, upload-time = "2025-12-04T14:57:42.349Z" },
    { url = "https://files.pythonhosted.org/packages/77/cb/43692bcd5f7a0da6ec0ec6d58ee7cddb606d055ce94a62ac9b1aa481e969/greenlet-3.3.0-cp312-cp312-manylinux_2_24_s390x.manylinux_2_28_s390x.whl", hash = "sha256:c024b1e5696626890038e34f76140ed1daf858e37496d33f2af57f06189e70d7", size = 622297, upload-time = "2025-12-04T15:07:13.552Z" },
    { url = "https://files.pythonhosted.org/packages/75/b0/6bde0b1011a60782108c01de5913c588cf51a839174538d266de15e4bf4d/greenlet-3.3.0-cp312-cp312-manylinux_2_24_x86_64.manylinux_2_28_x86_64.whl", hash = "sha256:047ab3df20ede6a57c35c14bf5200fcf04039d50f908270d3f9a7a82064f543b", size = 609885, upload-time = "2025-12-04T14:26:02.368Z" },
    { url = "https://files.pythonhosted.org/packages/49/0e/49b46ac39f931f59f987b7cd9f34bfec8ef81d2a1e6e00682f55be5de9f4/greenlet-3.3.0-cp312-cp312-musllinux_1_2_aarch64.whl", hash = "sha256:2d9ad37fc657b1102ec880e637cccf20191581f75c64087a549e66c57e1ceb53", size = 1567424, upload-time = "2025-12-04T15:04:23.757Z" },
    { url = "https://files.pythonhosted.org/packages/05/f5/49a9ac2dff7f10091935def9165c90236d8f175afb27cbed38fb1d61ab6b/greenlet-3.3.0-cp312-cp312-musllinux_1_2_x86_64.whl", hash = "sha256:83cd0e36932e0e7f36a64b732a6f60c2fc2df28c351bae79fbaf4f8092fe7614", size = 1636017, upload-time = "2025-12-04T14:27:29.688Z" },
    { url = "https://files.pythonhosted.org/packages/6c/79/3912a94cf27ec503e51ba493692d6db1e3cd8ac7ac52b0b47c8e33d7f4f9/greenlet-3.3.0-cp312-cp312-win_amd64.whl", hash = "sha256:a7a34b13d43a6b78abf828a6d0e87d3385680eaf830cd60d20d52f249faabf39", size = 301964, upload-time = "2025-12-04T14:36:58.316Z" },
    { url = "https://files.pythonhosted.org/packages/02/2f/28592176381b9ab2cafa12829ba7b472d177f3acc35d8fbcf3673d966fff/greenlet-3.3.0-cp313-cp313-macosx_11_0_universal2.whl", hash = "sha256:a1e41a81c7e2825822f4e068c48cb2196002362619e2d70b148f20a831c00739", size = 275140, upload-time = "2025-12-04T14:23:01.282Z" },
    { url = "https://files.pythonhosted.org/packages/2c/80/fbe937bf81e9fca98c981fe499e59a3f45df2a04da0baa5c2be0dca0d329/greenlet-3.3.0-cp313-cp313-manylinux_2_24_aarch64.manylinux_2_28_aarch64.whl", hash = "sha256:9f515a47d02da4d30caaa85b69474cec77b7929b2e936ff7fb853d42f4bf8808", size = 599219, upload-time = "2025-12-04T14:50:08.309Z" },
    { url = "https://files.pythonhosted.org/packages/c2/ff/7c985128f0514271b8268476af89aee6866df5eec04ac17dcfbc676213df/greenlet-3.3.0-cp313-cp313-manylinux_2_24_ppc64le.manylinux_2_28_ppc64le.whl", hash = "sha256:7d2d9fd66bfadf230b385fdc90426fcd6eb64db54b40c495b72ac0feb5766c54", size = 610211, upload-time = "2025-12-04T14:57:43.968Z" },
    { url = "https://files.pythonhosted.org/packages/79/07/c47a82d881319ec18a4510bb30463ed6891f2ad2c1901ed5ec23d3de351f/greenlet-3.3.0-cp313-cp313-manylinux_2_24_s390x.manylinux_2_28_s390x.whl", hash = "sha256:30a6e28487a790417d036088b3bcb3f3ac7d8babaa7d0139edbaddebf3af9492", size = 624311, upload-time = "2025-12-04T15:07:14.697Z" },
    { url = "https://files.pythonhosted.org/packages/fd/8e/424b8c6e78bd9837d14ff7df01a9829fc883ba2ab4ea787d4f848435f23f/greenlet-3.3.0-cp313-cp313-manylinux_2_24_x86_64.manylinux_2_28_x86_64.whl", hash = "sha256:087ea5e004437321508a8d6f20efc4cfec5e3c30118e1417ea96ed1d93950527", size = 612833, upload-time = "2025-12-04T14:26:03.669Z" },
    { url = "https://files.pythonhosted.org/packages/b5/ba/56699ff9b7c76ca12f1cdc27a886d0f81f2189c3455ff9f65246780f713d/greenlet-3.3.0-cp313-cp313-musllinux_1_2_aarch64.whl", hash = "sha256:ab97cf74045343f6c60a39913fa59710e4bd26a536ce7ab2397adf8b27e67c39", size = 1567256, upload-time = "2025-12-04T15:04:25.276Z" },
    { url = "https://files.pythonhosted.org/packages/1e/37/f31136132967982d698c71a281a8901daf1a8fbab935dce7c0cf15f942cc/greenlet-3.3.0-cp313-cp313-musllinux_1_2_x86_64.whl", hash = "sha256:5375d2e23184629112ca1ea89a53389dddbffcf417dad40125713d88eb5f96e8", size = 1636483, upload-time = "2025-12-04T14:27:30.804Z" },
    { url = "https://files.pythonhosted.org/packages/7e/71/ba21c3fb8c5dce83b8c01f458a42e99ffdb1963aeec08fff5a18588d8fd7/greenlet-3.3.0-cp313-cp313-win_amd64.whl", hash = "sha256:9ee1942ea19550094033c35d25d20726e4f1c40d59545815e1128ac58d416d38", size = 301833, upload-time = "2025-12-04T14:32:23.929Z" },
    { url = "https://files.pythonhosted.org/packages/d7/7c/f0a6d0ede2c7bf092d00bc83ad5bafb7e6ec9b4aab2fbdfa6f134dc73327/greenlet-3.3.0-cp314-cp314-macosx_11_0_universal2.whl", hash = "sha256:60c2ef0f578afb3c8d92ea07ad327f9a062547137afe91f38408f08aacab667f", size = 275671, upload-time = "2025-12-04T14:23:05.267Z" },
    { url = "https://files.pythonhosted.org/packages/44/06/dac639ae1a50f5969d82d2e3dd9767d30d6dbdbab0e1a54010c8fe90263c/greenlet-3.3.0-cp314-cp314-manylinux_2_24_aarch64.manylinux_2_28_aarch64.whl", hash = "sha256:0a5d554d0712ba1de0a6c94c640f7aeba3f85b3a6e1f2899c11c2c0428da9365", size = 646360, upload-time = "2025-12-04T14:50:10.026Z" },
    { url = "https://files.pythonhosted.org/packages/e0/94/0fb76fe6c5369fba9bf98529ada6f4c3a1adf19e406a47332245ef0eb357/greenlet-3.3.0-cp314-cp314-manylinux_2_24_ppc64le.manylinux_2_28_ppc64le.whl", hash = "sha256:3a898b1e9c5f7307ebbde4102908e6cbfcb9ea16284a3abe15cab996bee8b9b3", size = 658160, upload-time = "2025-12-04T14:57:45.41Z" },
    { url = "https://files.pythonhosted.org/packages/93/79/d2c70cae6e823fac36c3bbc9077962105052b7ef81db2f01ec3b9bf17e2b/greenlet-3.3.0-cp314-cp314-manylinux_2_24_s390x.manylinux_2_28_s390x.whl", hash = "sha256:dcd2bdbd444ff340e8d6bdf54d2f206ccddbb3ccfdcd3c25bf4afaa7b8f0cf45", size = 671388, upload-time = "2025-12-04T15:07:15.789Z" },
    { url = "https://files.pythonhosted.org/packages/b8/14/bab308fc2c1b5228c3224ec2bf928ce2e4d21d8046c161e44a2012b5203e/greenlet-3.3.0-cp314-cp314-manylinux_2_24_x86_64.manylinux_2_28_x86_64.whl", hash = "sha256:5773edda4dc00e173820722711d043799d3adb4f01731f40619e07ea2750b955", size = 660166, upload-time = "2025-12-04T14:26:05.099Z" },
    { url = "https://files.pythonhosted.org/packages/4b/d2/91465d39164eaa0085177f61983d80ffe746c5a1860f009811d498e7259c/greenlet-3.3.0-cp314-cp314-musllinux_1_2_aarch64.whl", hash = "sha256:ac0549373982b36d5fd5d30beb8a7a33ee541ff98d2b502714a09f1169f31b55", size = 1615193, upload-time = "2025-12-04T15:04:27.041Z" },
    { url = "https://files.pythonhosted.org/packages/42/1b/83d110a37044b92423084d52d5d5a3b3a73cafb51b547e6d7366ff62eff1/greenlet-3.3.0-cp314-cp314-musllinux_1_2_x86_64.whl", hash = "sha256:d198d2d977460358c3b3a4dc844f875d1adb33817f0613f663a656f463764ccc", size = 1683653, upload-time = "2025-12-04T14:27:32.366Z" },
    { url = "https://files.pythonhosted.org/packages/7c/9a/9030e6f9aa8fd7808e9c31ba4c38f87c4f8ec324ee67431d181fe396d705/greenlet-3.3.0-cp314-cp314-win_amd64.whl", hash = "sha256:73f51dd0e0bdb596fb0417e475fa3c5e32d4c83638296e560086b8d7da7c4170", size = 305387, upload-time = "2025-12-04T14:26:51.063Z" },
    { url = "https://files.pythonhosted.org/packages/a0/66/bd6317bc5932accf351fc19f177ffba53712a202f9df10587da8df257c7e/greenlet-3.3.0-cp314-cp314t-macosx_11_0_universal2.whl", hash = "sha256:d6ed6f85fae6cdfdb9ce04c9bf7a08d666cfcfb914e7d006f44f840b46741931", size = 282638, upload-time = "2025-12-04T14:25:20.941Z" },
    { url = "https://files.pythonhosted.org/packages/30/cf/cc81cb030b40e738d6e69502ccbd0dd1bced0588e958f9e757945de24404/greenlet-3.3.0-cp314-cp314t-manylinux_2_24_aarch64.manylinux_2_28_aarch64.whl", hash = "sha256:d9125050fcf24554e69c4cacb086b87b3b55dc395a8b3ebe6487b045b2614388", size = 651145, upload-time = "2025-12-04T14:50:11.039Z" },
    { url = "https://files.pythonhosted.org/packages/9c/ea/1020037b5ecfe95ca7df8d8549959baceb8186031da83d5ecceff8b08cd2/greenlet-3.3.0-cp314-cp314t-manylinux_2_24_ppc64le.manylinux_2_28_ppc64le.whl", hash = "sha256:87e63ccfa13c0a0f6234ed0add552af24cc67dd886731f2261e46e241608bee3", size = 654236, upload-time = "2025-12-04T14:57:47.007Z" },
    { url = "https://files.pythonhosted.org/packages/69/cc/1e4bae2e45ca2fa55299f4e85854606a78ecc37fead20d69322f96000504/greenlet-3.3.0-cp314-cp314t-manylinux_2_24_s390x.manylinux_2_28_s390x.whl", hash = "sha256:2662433acbca297c9153a4023fe2161c8dcfdcc91f10433171cf7e7d94ba2221", size = 662506, upload-time = "2025-12-04T15:07:16.906Z" },
    { url = "https://files.pythonhosted.org/packages/57/b9/f8025d71a6085c441a7eaff0fd928bbb275a6633773667023d19179fe815/greenlet-3.3.0-cp314-cp314t-manylinux_2_24_x86_64.manylinux_2_28_x86_64.whl", hash = "sha256:3c6e9b9c1527a78520357de498b0e709fb9e2f49c3a513afd5a249007261911b", size = 653783, upload-time = "2025-12-04T14:26:06.225Z" },
    { url = "https://files.pythonhosted.org/packages/f6/c7/876a8c7a7485d5d6b5c6821201d542ef28be645aa024cfe1145b35c120c1/greenlet-3.3.0-cp314-cp314t-musllinux_1_2_aarch64.whl", hash = "sha256:286d093f95ec98fdd92fcb955003b8a3d054b4e2cab3e2707a5039e7b50520fd", size = 1614857, upload-time = "2025-12-04T15:04:28.484Z" },
    { url = "https://files.pythonhosted.org/packages/4f/dc/041be1dff9f23dac5f48a43323cd0789cb798342011c19a248d9c9335536/greenlet-3.3.0-cp314-cp314t-musllinux_1_2_x86_64.whl", hash = "sha256:6c10513330af5b8ae16f023e8ddbfb486ab355d04467c4679c5cfe4659975dd9", size = 1676034, upload-time = "2025-12-04T14:27:33.531Z" },
]

[[package]]
name = "latex2mathml"
version = "3.78.1"
source = { registry = "https://pypi.org/simple" }
sdist = { url = "https://files.pythonhosted.org/packages/1a/26/57b1034c08922d0aefea79430a5e0006ffaee4f0ec59d566613f667ab2f7/latex2mathml-3.78.1.tar.gz", hash = "sha256:f941db80bf41db33f31df87b304e8b588f8166b813b0257c11c98f7a9d0aac71", size = 74030, upload-time = "2025-08-29T23:34:23.178Z" }
wheels = [
    { url = "https://files.pythonhosted.org/packages/3e/76/d661ea2e529c3d464f9efd73f9ac31626b45279eb4306e684054ea20e3d4/latex2mathml-3.78.1-py3-none-any.whl", hash = "sha256:f089b6d75e85b937f99693c93e8c16c0804008672c3dd2a3d25affd36f238100", size = 73892, upload-time = "2025-08-29T23:34:21.98Z" },
]

[[package]]
name = "markdown-convert"
version = "1.2.18"
source = { editable = "." }
dependencies = [
    { name = "argsdict" },
    { name = "latex2mathml" },
    { name = "markdown2" },
    { name = "playwright" },
    { name = "pygments" },
]

[package.metadata]
requires-dist = [
    { name = "argsdict", specifier = "==1.0.0" },
    { name = "latex2mathml", specifier = ">=3.78.1" },
    { name = "markdown2", specifier = ">=2.4.13,<3" },
    { name = "playwright", specifier = ">=1.57.0" },
    { name = "pygments", specifier = ">=2.17.2,<3" },
]

[[package]]
name = "markdown2"
version = "2.5.4"
source = { registry = "https://pypi.org/simple" }
sdist = { url = "https://files.pythonhosted.org/packages/42/f8/b2ae8bf5f28f9b510ae097415e6e4cb63226bb28d7ee01aec03a755ba03b/markdown2-2.5.4.tar.gz", hash = "sha256:a09873f0b3c23dbfae589b0080587df52ad75bb09a5fa6559147554736676889", size = 145652, upload-time = "2025-07-27T16:16:24.307Z" }
wheels = [
    { url = "https://files.pythonhosted.org/packages/b8/06/2697b5043c3ecb720ce0d243fc7cf5024c0b5b1e450506e9b21939019963/markdown2-2.5.4-py3-none-any.whl", hash = "sha256:3c4b2934e677be7fec0e6f2de4410e116681f4ad50ec8e5ba7557be506d3f439", size = 49954, upload-time = "2025-07-27T16:16:23.026Z" },
]

[[package]]
name = "playwright"
version = "1.57.0"
source = { registry = "https://pypi.org/simple" }
dependencies = [
    { name = "greenlet", version = "3.2.4", source = { registry = "https://pypi.org/simple" }, marker = "python_full_version < '3.10'" },
    { name = "greenlet", version = "3.3.0", source = { registry = "https://pypi.org/simple" }, marker = "python_full_version >= '3.10'" },
    { name = "pyee" },
]
wheels = [
    { url = "https://files.pythonhosted.org/packages/ed/b6/e17543cea8290ae4dced10be21d5a43c360096aa2cce0aa7039e60c50df3/playwright-1.57.0-py3-none-macosx_10_13_x86_64.whl", hash = "sha256:9351c1ac3dfd9b3820fe7fc4340d96c0d3736bb68097b9b7a69bd45d25e9370c", size = 41985039, upload-time = "2025-12-09T08:06:18.408Z" },
    { url = "https://files.pythonhosted.org/packages/8b/04/ef95b67e1ff59c080b2effd1a9a96984d6953f667c91dfe9d77c838fc956/playwright-1.57.0-py3-none-macosx_11_0_arm64.whl", hash = "sha256:a4a9d65027bce48eeba842408bcc1421502dfd7e41e28d207e94260fa93ca67e", size = 40775575, upload-time = "2025-12-09T08:06:22.105Z" },
    { url = "https://files.pythonhosted.org/packages/60/bd/5563850322a663956c927eefcf1457d12917e8f118c214410e815f2147d1/playwright-1.57.0-py3-none-macosx_11_0_universal2.whl", hash = "sha256:99104771abc4eafee48f47dac2369e0015516dc1ce8c409807d2dd440828b9a4", size = 41985042, upload-time = "2025-12-09T08:06:25.357Z" },
    { url = "https://files.pythonhosted.org/packages/56/61/3a803cb5ae0321715bfd5247ea871d25b32c8f372aeb70550a90c5f586df/playwright-1.57.0-py3-none-manylinux1_x86_64.whl", hash = "sha256:284ed5a706b7c389a06caa431b2f0ba9ac4130113c3a779767dda758c2497bb1", size = 45975252, upload-time = "2025-12-09T08:06:29.186Z" },
    { url = "https://files.pythonhosted.org/packages/83/d7/b72eb59dfbea0013a7f9731878df8c670f5f35318cedb010c8a30292c118/playwright-1.57.0-py3-none-manylinux_2_17_aarch64.manylinux2014_aarch64.whl", hash = "sha256:38a1bae6c0a07839cdeaddbc0756b3b2b85e476c07945f64ece08f1f956a86f1", size = 45706917, upload-time = "2025-12-09T08:06:32.549Z" },
    { url = "https://files.pythonhosted.org/packages/e4/09/3fc9ebd7c95ee54ba6a68d5c0bc23e449f7235f4603fc60534a364934c16/playwright-1.57.0-py3-none-win32.whl", hash = "sha256:1dd93b265688da46e91ecb0606d36f777f8eadcf7fbef12f6426b20bf0c9137c", size = 36553860, upload-time = "2025-12-09T08:06:35.864Z" },
    { url = "https://files.pythonhosted.org/packages/58/d4/dcdfd2a33096aeda6ca0d15584800443dd2be64becca8f315634044b135b/playwright-1.57.0-py3-none-win_amd64.whl", hash = "sha256:6caefb08ed2c6f29d33b8088d05d09376946e49a73be19271c8cd5384b82b14c", size = 36553864, upload-time = "2025-12-09T08:06:38.915Z" },
    { url = "https://files.pythonhosted.org/packages/6a/60/fe31d7e6b8907789dcb0584f88be741ba388413e4fbce35f1eba4e3073de/playwright-1.57.0-py3-none-win_arm64.whl", hash = "sha256:5f065f5a133dbc15e6e7c71e7bc04f258195755b1c32a432b792e28338c8335e", size = 32837940, upload-time = "2025-12-09T08:06:42.268Z" },
]

[[package]]
name = "pyee"
version = "13.0.0"
source = { registry = "https://pypi.org/simple" }
dependencies = [
    { name = "typing-extensions" },
]
sdist = { url = "https://files.pythonhosted.org/packages/95/03/1fd98d5841cd7964a27d729ccf2199602fe05eb7a405c1462eb7277945ed/pyee-13.0.0.tar.gz", hash = "sha256:b391e3c5a434d1f5118a25615001dbc8f669cf410ab67d04c4d4e07c55481c37", size = 31250, upload-time = "2025-03-17T18:53:15.955Z" }
wheels = [
    { url = "https://files.pythonhosted.org/packages/9b/4d/b9add7c84060d4c1906abe9a7e5359f2a60f7a9a4f67268b2766673427d8/pyee-13.0.0-py3-none-any.whl", hash = "sha256:48195a3cddb3b1515ce0695ed76036b5ccc2ef3a9f963ff9f77aec0139845498", size = 15730, upload-time = "2025-03-17T18:53:14.532Z" },
]

[[package]]
name = "pygments"
version = "2.19.2"
source = { registry = "https://pypi.org/simple" }
sdist = { url = "https://files.pythonhosted.org/packages/b0/77/a5b8c569bf593b0140bde72ea885a803b82086995367bf2037de0159d924/pygments-2.19.2.tar.gz", hash = "sha256:636cb2477cec7f8952536970bc533bc43743542f70392ae026374600add5b887", size = 4968631, upload-time = "2025-06-21T13:39:12.283Z" }
wheels = [
    { url = "https://files.pythonhosted.org/packages/c7/21/705964c7812476f378728bdf590ca4b771ec72385c533964653c68e86bdc/pygments-2.19.2-py3-none-any.whl", hash = "sha256:86540386c03d588bb81d44bc3928634ff26449851e99741617ecb9037ee5ec0b", size = 1225217, upload-time = "2025-06-21T13:39:07.939Z" },
]

[[package]]
name = "typing-extensions"
version = "4.15.0"
source = { registry = "https://pypi.org/simple" }
sdist = { url = "https://files.pythonhosted.org/packages/72/94/1a15dd82efb362ac84269196e94cf00f187f7ed21c242792a923cdb1c61f/typing_extensions-4.15.0.tar.gz", hash = "sha256:0cea48d173cc12fa28ecabc3b837ea3cf6f38c6d1136f85cbaaf598984861466", size = 109391, upload-time = "2025-08-25T13:49:26.313Z" }
wheels = [
    { url = "https://files.pythonhosted.org/packages/18/67/36e9267722cc04a6b9f15c7f3441c2363321a3ea07da7ae0c0707beb2a9c/typing_extensions-4.15.0-py3-none-any.whl", hash = "sha256:f0fa19c6845758ab08074a0cfa8b7aecb71c999ca73d62883bc25cc018c4e548", size = 44614, upload-time = "2025-08-25T13:49:24.86Z" },
]
